
Microsoft Visual Studio Solution File, Format Version 12.00
# Visual Studio 15
VisualStudioVersion = 15.0.26730.16
MinimumVisualStudioVersion = 10.0.40219.1
Project("{FAE04EC0-301F-11D3-BF4B-00C04F79EFBC}") = "All for Wakfu", "All for Wakfu\All for Wakfu.csproj", "{D77C0A93-09EB-4A2F-9D6D-163F996E3CA8}"
EndProject
Global
	GlobalSection(SolutionConfigurationPlatforms) = preSolution
		Debug|Any CPU = Debug|Any CPU
		Release|Any CPU = Release|Any CPU
	EndGlobalSection
	GlobalSection(ProjectConfigurationPlatforms) = postSolution
		{D77C0A93-09EB-4A2F-9D6D-163F996E3CA8}.Debug|Any CPU.ActiveCfg = Debug|Any CPU
		{D77C0A93-09EB-4A2F-9D6D-163F996E3CA8}.Debug|Any CPU.Build.0 = Debug|Any CPU
		{D77C0A93-09EB-4A2F-9D6D-163F996E3CA8}.Release|Any CPU.ActiveCfg = Release|Any CPU
		{D77C0A93-09EB-4A2F-9D6D-163F996E3CA8}.Release|Any CPU.Build.0 = Release|Any CPU
	EndGlobalSection
	GlobalSection(SolutionProperties) = preSolution
		HideSolutionNode = FALSE
	EndGlobalSection
	GlobalSection(ExtensibilityGlobals) = postSolution
		SolutionGuid = {D3494FF5-AAED-4418-88EA-B466C74CEF80}
	EndGlobalSection
EndGlobal
